
Microsoft Visual Studio Solution File, Format Version 12.00
# Visual Studio Version 17
VisualStudioVersion = 17.14.36518.9 d17.14
MinimumVisualStudioVersion = 10.0.40219.1
Project("{FAE04EC0-301F-11D3-BF4B-00C04F79EFBC}") = "SistemaInventario", "SistemaInventario\SistemaInventario.csproj", "{9E979F91-156C-444E-9B3C-720CA2E91FCE}"
EndProject
Global
	GlobalSection(SolutionConfigurationPlatforms) = preSolution
		Debug|Any CPU = Debug|Any CPU
		Release|Any CPU = Release|Any CPU
	EndGlobalSection
	GlobalSection(ProjectConfigurationPlatforms) = postSolution
		{9E979F91-156C-444E-9B3C-720CA2E91FCE}.Debug|Any CPU.ActiveCfg = Debug|Any CPU
		{9E979F91-156C-444E-9B3C-720CA2E91FCE}.Debug|Any CPU.Build.0 = Debug|Any CPU
		{9E979F91-156C-444E-9B3C-720CA2E91FCE}.Release|Any CPU.ActiveCfg = Release|Any CPU
		{9E979F91-156C-444E-9B3C-720CA2E91FCE}.Release|Any CPU.Build.0 = Release|Any CPU
	EndGlobalSection
	GlobalSection(SolutionProperties) = preSolution
		HideSolutionNode = FALSE
	EndGlobalSection
	GlobalSection(ExtensibilityGlobals) = postSolution
		SolutionGuid = {F5BDBA12-F107-42D9-B3EC-22C1273826D7}
	EndGlobalSection
EndGlobal
